lockfileVersion: '6.0'

settings:
  autoInstallPeers: true
  excludeLinksFromLockfile: false

dependencies:
  '@planetscale/database':
    specifier: ^1.16.0
    version: 1.16.0

packages:

  /@planetscale/database@1.16.0:
    resolution: {integrity: sha512-HNUrTqrd8aTRZYMDcsoZ62s36sIWkMMmKZBOehoCWR2WrfNPKq+Q1yQef5okl3pSVlldFnu2h/dbHjOsDTHXug==}
    engines: {node: '>=16'}
    dev: false
